
Microsoft Visual Studio Solution File, Format Version 12.00
# Visual Studio Version 17
VisualStudioVersion = 17.7.34031.279
MinimumVisualStudioVersion = 10.0.40219.1
Project("{FAE04EC0-301F-11D3-BF4B-00C04F79EFBC}") = "Assigment11Oct", "Assigment11Oct\Assigment11Oct.csproj", "{5A71A869-7198-473B-8FCF-B78FEF9E8235}"
EndProject
Global
	GlobalSection(SolutionConfigurationPlatforms) = preSolution
		Debug|Any CPU = Debug|Any CPU
		Release|Any CPU = Release|Any CPU
	EndGlobalSection
	GlobalSection(ProjectConfigurationPlatforms) = postSolution
		{5A71A869-7198-473B-8FCF-B78FEF9E8235}.Debug|Any CPU.ActiveCfg = Debug|Any CPU
		{5A71A869-7198-473B-8FCF-B78FEF9E8235}.Debug|Any CPU.Build.0 = Debug|Any CPU
		{5A71A869-7198-473B-8FCF-B78FEF9E8235}.Release|Any CPU.ActiveCfg = Release|Any CPU
		{5A71A869-7198-473B-8FCF-B78FEF9E8235}.Release|Any CPU.Build.0 = Release|Any CPU
	EndGlobalSection
	GlobalSection(SolutionProperties) = preSolution
		HideSolutionNode = FALSE
	EndGlobalSection
	GlobalSection(ExtensibilityGlobals) = postSolution
		SolutionGuid = {D2509933-C3F2-413A-BDF4-F64F9AA271E1}
	EndGlobalSection
EndGlobal
